
Microsoft Visual Studio Solution File, Format Version 12.00
Project("{FAE04EC0-301F-11D3-BF4B-00C04F79EFBC}") = "MarkdownLiteTest", "MarkdownLiteTest\MarkdownLiteTest.csproj", "{081A559D-858E-4995-B0F9-D01CACBCAB50}"
EndProject
Project("{FAE04EC0-301F-11D3-BF4B-00C04F79EFBC}") = "MarkdownService", "MarkdownService\MarkdownService.csproj", "{9C187909-E890-474C-A2E7-9445DFA48FA7}"
EndProject
Global
	GlobalSection(SolutionConfigurationPlatforms) = preSolution
		Debug|Any CPU = Debug|Any CPU
		Release|Any CPU = Release|Any CPU
	EndGlobalSection
	GlobalSection(ProjectConfigurationPlatforms) = postSolution
		{081A559D-858E-4995-B0F9-D01CACBCAB50}.Debug|Any CPU.ActiveCfg = Debug|Any CPU
		{081A559D-858E-4995-B0F9-D01CACBCAB50}.Debug|Any CPU.Build.0 = Debug|Any CPU
		{081A559D-858E-4995-B0F9-D01CACBCAB50}.Release|Any CPU.ActiveCfg = Release|Any CPU
		{081A559D-858E-4995-B0F9-D01CACBCAB50}.Release|Any CPU.Build.0 = Release|Any CPU
		{9C187909-E890-474C-A2E7-9445DFA48FA7}.Debug|Any CPU.ActiveCfg = Debug|Any CPU
		{9C187909-E890-474C-A2E7-9445DFA48FA7}.Debug|Any CPU.Build.0 = Debug|Any CPU
		{9C187909-E890-474C-A2E7-9445DFA48FA7}.Release|Any CPU.ActiveCfg = Release|Any CPU
		{9C187909-E890-474C-A2E7-9445DFA48FA7}.Release|Any CPU.Build.0 = Release|Any CPU
	EndGlobalSection
EndGlobal
