
Microsoft Visual Studio Solution File, Format Version 12.00
Project("{FAE04EC0-301F-11D3-BF4B-00C04F79EFBC}") = "ScmConsole", "ScmConsole\ScmConsole.csproj", "{B325752D-CA87-4A39-9CE8-1A17F3E0D4A5}"
EndProject
Project("{FAE04EC0-301F-11D3-BF4B-00C04F79EFBC}") = "ScmDataAccess", "ScmDataAccess\ScmDataAccess.csproj", "{C31419E2-07D3-4057-8FF2-BCE9B56BF079}"
EndProject
Project("{FAE04EC0-301F-11D3-BF4B-00C04F79EFBC}") = "SqliteDal", "SqliteDal\SqliteDal.csproj", "{15AF42E5-6349-4D12-A712-1103A7FCF5EF}"
EndProject
Project("{FAE04EC0-301F-11D3-BF4B-00C04F79EFBC}") = "SqliteScmTest", "SqliteScmTest\SqliteScmTest.csproj", "{0BACD00E-68AA-44C8-90BA-AE30E32998B4}"
EndProject
Global
	GlobalSection(SolutionConfigurationPlatforms) = preSolution
		Debug|Any CPU = Debug|Any CPU
		Release|Any CPU = Release|Any CPU
	EndGlobalSection
	GlobalSection(ProjectConfigurationPlatforms) = postSolution
		{B325752D-CA87-4A39-9CE8-1A17F3E0D4A5}.Debug|Any CPU.ActiveCfg = Debug|Any CPU
		{B325752D-CA87-4A39-9CE8-1A17F3E0D4A5}.Debug|Any CPU.Build.0 = Debug|Any CPU
		{B325752D-CA87-4A39-9CE8-1A17F3E0D4A5}.Release|Any CPU.ActiveCfg = Release|Any CPU
		{B325752D-CA87-4A39-9CE8-1A17F3E0D4A5}.Release|Any CPU.Build.0 = Release|Any CPU
		{C31419E2-07D3-4057-8FF2-BCE9B56BF079}.Debug|Any CPU.ActiveCfg = Debug|Any CPU
		{C31419E2-07D3-4057-8FF2-BCE9B56BF079}.Debug|Any CPU.Build.0 = Debug|Any CPU
		{C31419E2-07D3-4057-8FF2-BCE9B56BF079}.Release|Any CPU.ActiveCfg = Release|Any CPU
		{C31419E2-07D3-4057-8FF2-BCE9B56BF079}.Release|Any CPU.Build.0 = Release|Any CPU
		{15AF42E5-6349-4D12-A712-1103A7FCF5EF}.Debug|Any CPU.ActiveCfg = Debug|Any CPU
		{15AF42E5-6349-4D12-A712-1103A7FCF5EF}.Debug|Any CPU.Build.0 = Debug|Any CPU
		{15AF42E5-6349-4D12-A712-1103A7FCF5EF}.Release|Any CPU.ActiveCfg = Release|Any CPU
		{15AF42E5-6349-4D12-A712-1103A7FCF5EF}.Release|Any CPU.Build.0 = Release|Any CPU
		{0BACD00E-68AA-44C8-90BA-AE30E32998B4}.Debug|Any CPU.ActiveCfg = Debug|Any CPU
		{0BACD00E-68AA-44C8-90BA-AE30E32998B4}.Debug|Any CPU.Build.0 = Debug|Any CPU
		{0BACD00E-68AA-44C8-90BA-AE30E32998B4}.Release|Any CPU.ActiveCfg = Release|Any CPU
		{0BACD00E-68AA-44C8-90BA-AE30E32998B4}.Release|Any CPU.Build.0 = Release|Any CPU
	EndGlobalSection
EndGlobal
